
Microsoft Visual Studio Solution File, Format Version 12.00
# Visual Studio Version 17
VisualStudioVersion = 17.5.33502.453
MinimumVisualStudioVersion = 10.0.40219.1
Project("{FAE04EC0-301F-11D3-BF4B-00C04F79EFBC}") = "PP", "PP\PP.csproj", "{299E2DD5-5E9B-4214-A132-884C7332A77F}"
EndProject
Global
	GlobalSection(SolutionConfigurationPlatforms) = preSolution
		Debug|Any CPU = Debug|Any CPU
		Release|Any CPU = Release|Any CPU
	EndGlobalSection
	GlobalSection(ProjectConfigurationPlatforms) = postSolution
		{299E2DD5-5E9B-4214-A132-884C7332A77F}.Debug|Any CPU.ActiveCfg = Debug|Any CPU
		{299E2DD5-5E9B-4214-A132-884C7332A77F}.Debug|Any CPU.Build.0 = Debug|Any CPU
		{299E2DD5-5E9B-4214-A132-884C7332A77F}.Release|Any CPU.ActiveCfg = Release|Any CPU
		{299E2DD5-5E9B-4214-A132-884C7332A77F}.Release|Any CPU.Build.0 = Release|Any CPU
	EndGlobalSection
	GlobalSection(SolutionProperties) = preSolution
		HideSolutionNode = FALSE
	EndGlobalSection
	GlobalSection(ExtensibilityGlobals) = postSolution
		SolutionGuid = {917E47E3-37DB-4D3A-A59B-1B510A1CA7FC}
	EndGlobalSection
EndGlobal
